
Microsoft Visual Studio Solution File, Format Version 12.00
# Visual Studio Version 16
VisualStudioVersion = 16.0.29306.81
MinimumVisualStudioVersion = 10.0.40219.1
Project("{FAE04EC0-301F-11D3-BF4B-00C04F79EFBC}") = "AppRedipo", "AppRedipo\AppRedipo.csproj", "{B550B3A2-C4E2-4819-A6A9-4A15E8D87270}"
EndProject
Global
	GlobalSection(SolutionConfigurationPlatforms) = preSolution
		Debug|Any CPU = Debug|Any CPU
		Release|Any CPU = Release|Any CPU
	EndGlobalSection
	GlobalSection(ProjectConfigurationPlatforms) = postSolution
		{B550B3A2-C4E2-4819-A6A9-4A15E8D87270}.Debug|Any CPU.ActiveCfg = Debug|Any CPU
		{B550B3A2-C4E2-4819-A6A9-4A15E8D87270}.Debug|Any CPU.Build.0 = Debug|Any CPU
		{B550B3A2-C4E2-4819-A6A9-4A15E8D87270}.Release|Any CPU.ActiveCfg = Release|Any CPU
		{B550B3A2-C4E2-4819-A6A9-4A15E8D87270}.Release|Any CPU.Build.0 = Release|Any CPU
	EndGlobalSection
	GlobalSection(SolutionProperties) = preSolution
		HideSolutionNode = FALSE
	EndGlobalSection
	GlobalSection(ExtensibilityGlobals) = postSolution
		SolutionGuid = {FA1383CE-166A-46EB-958C-21FF901884E0}
	EndGlobalSection
EndGlobal
